// !$*UTF8*$!
{
	archiveVersion = 1;
	classes = {
	};
	objectVersion = 46;
	objects = {

/* Begin PBXBuildFile section */
		3FC944311CF698390052FE8C /* AppDelegate.swift in Sources */ = {isa = PBXBuildFile; fileRef = 3FC944301CF698390052FE8C /* AppDelegate.swift */; };
		3FC944331CF698390052FE8C /* ViewController.swift in Sources */ = {isa = PBXBuildFile; fileRef = 3FC944321CF698390052FE8C /* ViewController.swift */; };
		3FC944361CF698390052FE8C /* Main.storyboard in Resources */ = {isa = PBXBuildFile; fileRef = 3FC944341CF698390052FE8C /* Main.storyboard */; };
		3FC944381CF698390052FE8C /* Assets.xcassets in Resources */ = {isa = PBXBuildFile; fileRef = 3FC944371CF698390052FE8C /* Assets.xcassets */; };
		3FC9443B1CF698390052FE8C /* LaunchScreen.storyboard in Resources */ = {isa = PBXBuildFile; fileRef = 3FC944391CF698390052FE8C /* LaunchScreen.storyboard */; };
/* End PBXBuildFile section */

/* Begin PBXFileReference section */
		3FC9442D1CF698390052FE8C /* intpolSIS.app */ = {isa = PBXFileReference; explicitFileType = wrapper.application; includeInIndex = 0; path = intpolSIS.app; sourceTree = BUILT_PRODUCTS_DIR; };
		3FC944301CF698390052FE8C /* AppDelegate.swift */ = {isa = PBXFileReference; lastKnownFileType = sourcecode.swift; path = AppDelegate.swift; sourceTree = "<group>"; };
		3FC944321CF698390052FE8C /* ViewController.swift */ = {isa = PBXFileReference; lastKnownFileType = sourcecode.swift; path = ViewController.swift; sourceTree = "<group>"; };
		3FC944351CF698390052FE8C /* Base */ = {isa = PBXFileReference; lastKnownFileType = file.storyboard; name = Base; path = Base.lproj/Main.storyboard; sourceTree = "<group>"; };
		3FC944371CF698390052FE8C /* Assets.xcassets */ = {isa = PBXFileReference; lastKnownFileType = folder.assetcatalog; path = Assets.xcassets; sourceTree = "<group>"; };
		3FC9443A1CF698390052FE8C /* Base */ = {isa = PBXFileReference; lastKnownFileType = file.storyboard; name = Base; path = Base.lproj/LaunchScreen.storyboard; sourceTree = "<group>"; };
		3FC9443C1CF698390052FE8C /* Info.plist */ = {isa = PBXFileReference; lastKnownFileType = text.plist.xml; path = Info.plist; sourceTree = "<group>"; };
/* End PBXFileReference section */

/* Begin PBXFrameworksBuildPhase section */
		3FC9442A1CF698390052FE8C /* Frameworks */ = {
			isa = PBXFrameworksBuildPhase;
			buildActionMask = 2147483647;
			files = (
			);
			runOnlyForDeploymentPostprocessing = 0;
		};
/* End PBXFrameworksBuildPhase section */

/* Begin PBXGroup section */
		3FC944241CF698380052FE8C = {
			isa = PBXGroup;
			children = (
				3FC9442F1CF698390052FE8C /* intpolSIS */,
				3FC9442E1CF698390052FE8C /* Products */,
			);
			sourceTree = "<group>";
		};
		3FC9442E1CF698390052FE8C /* Products */ = {
			isa = PBXGroup;
			children = (
				3FC9442D1CF698390052FE8C /* intpolSIS.app */,
			);
			name = Products;
			sourceTree = "<group>";
		};
		3FC9442F1CF698390052FE8C /* intpolSIS */ = {
			isa = PBXGroup;
			children = (
				3FC944301CF698390052FE8C /* AppDelegate.swift */,
				3FC944321CF698390052FE8C /* ViewController.swift */,
				3FC944341CF698390052FE8C /* Main.storyboard */,
				3FC944371CF698390052FE8C /* Assets.xcassets */,
				3FC944391CF698390052FE8C /* LaunchScreen.storyboard */,
				3FC9443C1CF698390052FE8C /* Info.plist */,
			);
			path = intpolSIS;
			sourceTree = "<group>";
		};
/* End PBXGroup section */

/* Begin PBXNativeTarget section */
		3FC9442C1CF698390052FE8C /* intpolSIS */ = {
			isa = PBXNativeTarget;
			buildConfigurationList = 3FC9443F1CF698390052FE8C /* Build configuration list for PBXNativeTarget "intpolSIS" */;
			buildPhases = (
				3FC944291CF698390052FE8C /* Sources */,
				3FC9442A1CF698390052FE8C /* Frameworks */,
				3FC9442B1CF698390052FE8C /* Resources */,
			);
			buildRules = (
			);
			dependencies = (
			);
			name = intpolSIS;
			productName = intpolSIS;
			productReference = 3FC9442D1CF698390052FE8C /* intpolSIS.app */;
			productType = "com.apple.product-type.application";
		};
/* End PBXNativeTarget section */

/* Begin PBXProject section */
		3FC944251CF698390052FE8C /* Project object */ = {
			isa = PBXProject;
			attributes = {
				LastSwiftUpdateCheck = 0730;
				LastUpgradeCheck = 0730;
				ORGANIZATIONNAME = "Ilia Tikhomirov";
				TargetAttributes = {
					3FC9442C1CF698390052FE8C = {
						CreatedOnToolsVersion = 7.3.1;
					};
				};
			};
			buildConfigurationList = 3FC944281CF698390052FE8C /* Build configuration list for PBXProject "intpolSIS" */;
			compatibilityVersion = "Xcode 3.2";
			developmentRegion = English;
			hasScannedForEncodings = 0;
			knownRegions = (
				en,
				Base,
			);
			mainGroup = 3FC944241CF698380052FE8C;
			productRefGroup = 3FC9442E1CF698390052FE8C /* Products */;
			projectDirPath = "";
			projectRoot = "";
			targets = (
				3FC9442C1CF698390052FE8C /* intpolSIS */,
			);
		};
/* End PBXProject section */

/* Begin PBXResourcesBuildPhase section */
		3FC9442B1CF698390052FE8C /* Resources */ = {
			isa = PBXResourcesBuildPhase;
			buildActionMask = 2147483647;
			files = (
				3FC9443B1CF698390052FE8C /* LaunchScreen.storyboard in Resources */,
				3FC944381CF698390052FE8C /* Assets.xcassets in Resources */,
				3FC944361CF698390052FE8C /* Main.storyboard in Resources */,
			);
			runOnlyForDeploymentPostprocessing = 0;
		};
/* End PBXResourcesBuildPhase section */

/* Begin PBXSourcesBuildPhase section */
		3FC944291CF698390052FE8C /* Sources */ = {
			isa = PBXSourcesBuildPhase;
			buildActionMask = 2147483647;
			files = (
				3FC944331CF698390052FE8C /* ViewController.swift in Sources */,
				3FC944311CF698390052FE8C /* AppDelegate.swift in Sources */,
			);
			runOnlyForDeploymentPostprocessing = 0;
		};
/* End PBXSourcesBuildPhase section */

/* Begin PBXVariantGroup section */
		3FC944341CF698390052FE8C /* Main.storyboard */ = {
			isa = PBXVariantGroup;
			children = (
				3FC944351CF698390052FE8C /* Base */,
			);
			name = Main.storyboard;
			sourceTree = "<group>";
		};
		3FC944391CF698390052FE8C /* LaunchScreen.storyboard */ = {
			isa = PBXVariantGroup;
			children = (
				3FC9443A1CF698390052FE8C /* Base */,
			);
			name = LaunchScreen.storyboard;
			sourceTree = "<group>";
		};
/* End PBXVariantGroup section */

/* Begin XCBuildConfiguration section */
		3FC9443D1CF698390052FE8C /* Debug */ = {
			isa = XCBuildConfiguration;
			buildSettings = {
				ALWAYS_SEARCH_USER_PATHS = NO;
				CLANG_ANALYZER_NONNULL = YES;
				CLANG_CXX_LANGUAGE_STANDARD = "gnu++0x";
				CLANG_CXX_LIBRARY = "libc++";
				CLANG_ENABLE_MODULES = YES;
				CLANG_ENABLE_OBJC_ARC = YES;
				CLANG_WARN_BOOL_CONVERSION = YES;
				CLANG_WARN_CONSTANT_CONVERSION = YES;
				CLANG_WARN_DIRECT_OBJC_ISA_USAGE = YES_ERROR;
				CLANG_WARN_EMPTY_BODY = YES;
				CLANG_WARN_ENUM_CONVERSION = YES;
				CLANG_WARN_INT_CONVERSION = YES;
				CLANG_WARN_OBJC_ROOT_CLASS = YES_ERROR;
				CLANG_WARN_UNREACHABLE_CODE = YES;
				CLANG_WARN__DUPLICATE_METHOD_MATCH = YES;
				"CODE_SIGN_IDENTITY[sdk=iphoneos*]" = "iPhone Developer";
				COPY_PHASE_STRIP = NO;
				DEBUG_INFORMATION_FORMAT = dwarf;
				ENABLE_STRICT_OBJC_MSGSEND = YES;
				ENABLE_TESTABILITY = YES;
				GCC_C_LANGUAGE_STANDARD = gnu99;
				GCC_DYNAMIC_NO_PIC = NO;
				GCC_NO_COMMON_BLOCKS = YES;
				GCC_OPTIMIZATION_LEVEL = 0;
				GCC_PREPROCESSOR_DEFINITIONS = (
					"DEBUG=1",
					"$(inherited)",
				);
				GCC_WARN_64_TO_32_BIT_CONVERSION = YES;
				GCC_WARN_ABOUT_RETURN_TYPE = YES_ERROR;
				GCC_WARN_UNDECLARED_SELECTOR = YES;
				GCC_WARN_UNINITIALIZED_AUTOS = YES_AGGRESSIVE;
				GCC_WARN_UNUSED_FUNCTION = YES;
				GCC_WARN_UNUSED_VARIABLE = YES;
				IPHONEOS_DEPLOYMENT_TARGET = 9.3;
				MTL_ENABLE_DEBUG_INFO = YES;
				ONLY_ACTIVE_ARCH = YES;
				SDKROOT = iphoneos;
				SWIFT_OPTIMIZATION_LEVEL = "-Onone";
				TARGETED_DEVICE_FAMILY = "1,2";
			};
			name = Debug;
		};
		3FC9443E1CF698390052FE8C /* Release */ = {
			isa = XCBuildConfiguration;
			buildSettings = {
				ALWAYS_SEARCH_USER_PATHS = NO;
				CLANG_ANALYZER_NONNULL = YES;
				CLANG_CXX_LANGUAGE_STANDARD = "gnu++0x";
				CLANG_CXX_LIBRARY = "libc++";
				CLANG_ENABLE_MODULES = YES;
				CLANG_ENABLE_OBJC_ARC = YES;
				CLANG_WARN_BOOL_CONVERSION = YES;
				CLANG_WARN_CONSTANT_CONVERSION = YES;
				CLANG_WARN_DIRECT_OBJC_ISA_USAGE = YES_ERROR;
				CLANG_WARN_EMPTY_BODY = YES;
				CLANG_WARN_ENUM_CONVERSION = YES;
				CLANG_WARN_INT_CONVERSION = YES;
				CLANG_WARN_OBJC_ROOT_CLASS = YES_ERROR;
				CLANG_WARN_UNREACHABLE_CODE = YES;
				CLANG_WARN__DUPLICATE_METHOD_MATCH = YES;
				"CODE_SIGN_IDENTITY[sdk=iphoneos*]" = "iPhone Developer";
				COPY_PHASE_STRIP = NO;
				DEBUG_INFORMATION_FORMAT = "dwarf-with-dsym";
				ENABLE_NS_ASSERTIONS = NO;
				ENABLE_STRICT_OBJC_MSGSEND = YES;
				GCC_C_LANGUAGE_STANDARD = gnu99;
				GCC_NO_COMMON_BLOCKS = YES;
				GCC_WARN_64_TO_32_BIT_CONVERSION = YES;
				GCC_WARN_ABOUT_RETURN_TYPE = YES_ERROR;
				GCC_WARN_UNDECLARED_SELECTOR = YES;
				GCC_WARN_UNINITIALIZED_AUTOS = YES_AGGRESSIVE;
				GCC_WARN_UNUSED_FUNCTION = YES;
				GCC_WARN_UNUSED_VARIABLE = YES;
				IPHONEOS_DEPLOYMENT_TARGET = 9.3;
				MTL_ENABLE_DEBUG_INFO = NO;
				SDKROOT = iphoneos;
				TARGETED_DEVICE_FAMILY = "1,2";
				VALIDATE_PRODUCT = YES;
			};
			name = Release;
		};
		3FC944401CF698390052FE8C /* Debug */ = {
			isa = XCBuildConfiguration;
			buildSettings = {
				ASSETCATALOG_COMPILER_APPICON_NAME = AppIcon;
				INFOPLIST_FILE = intpolSIS/Info.plist;
				LD_RUNPATH_SEARCH_PATHS = "$(inherited) @executable_path/Frameworks";
				PRODUCT_BUNDLE_IDENTIFIER = com.thm.intpolSIS;
				PRODUCT_NAME = "$(TARGET_NAME)";
			};
			name = Debug;
		};
		3FC944411CF698390052FE8C /* Release */ = {
			isa = XCBuildConfiguration;
			buildSettings = {
				ASSETCATALOG_COMPILER_APPICON_NAME = AppIcon;
				INFOPLIST_FILE = intpolSIS/Info.plist;
				LD_RUNPATH_SEARCH_PATHS = "$(inherited) @executable_path/Frameworks";
				PRODUCT_BUNDLE_IDENTIFIER = com.thm.intpolSIS;
				PRODUCT_NAME = "$(TARGET_NAME)";
			};
			name = Release;
		};
/* End XCBuildConfiguration section */

/* Begin XCConfigurationList section */
		3FC944281CF698390052FE8C /* Build configuration list for PBXProject "intpolSIS" */ = {
			isa = XCConfigurationList;
			buildConfigurations = (
				3FC9443D1CF698390052FE8C /* Debug */,
				3FC9443E1CF698390052FE8C /* Release */,
			);
			defaultConfigurationIsVisible = 0;
			defaultConfigurationName = Release;
		};
		3FC9443F1CF698390052FE8C /* Build configuration list for PBXNativeTarget "intpolSIS" */ = {
			isa = XCConfigurationList;
			buildConfigurations = (
				3FC944401CF698390052FE8C /* Debug */,
				3FC944411CF698390052FE8C /* Release */,
			);
			defaultConfigurationIsVisible = 0;
		};
/* End XCConfigurationList section */
	};
	rootObject = 3FC944251CF698390052FE8C /* Project object */;
}
